
Microsoft Visual Studio Solution File, Format Version 12.00
# Visual Studio Version 17
VisualStudioVersion = 17.4.33403.182
MinimumVisualStudioVersion = 10.0.40219.1
Project("{FAE04EC0-301F-11D3-BF4B-00C04F79EFBC}") = "Laboratorio1+Brayan Stanley Sosa Alberto", "Laboratorio1+Brayan Stanley Sosa Alberto.csproj", "{9C936C88-C8E2-4CBE-BEAF-788AA75CE082}"
EndProject
Global
	GlobalSection(SolutionConfigurationPlatforms) = preSolution
		Debug|Any CPU = Debug|Any CPU
		Release|Any CPU = Release|Any CPU
	EndGlobalSection
	GlobalSection(ProjectConfigurationPlatforms) = postSolution
		{9C936C88-C8E2-4CBE-BEAF-788AA75CE082}.Debug|Any CPU.ActiveCfg = Debug|Any CPU
		{9C936C88-C8E2-4CBE-BEAF-788AA75CE082}.Debug|Any CPU.Build.0 = Debug|Any CPU
		{9C936C88-C8E2-4CBE-BEAF-788AA75CE082}.Release|Any CPU.ActiveCfg = Release|Any CPU
		{9C936C88-C8E2-4CBE-BEAF-788AA75CE082}.Release|Any CPU.Build.0 = Release|Any CPU
	EndGlobalSection
	GlobalSection(SolutionProperties) = preSolution
		HideSolutionNode = FALSE
	EndGlobalSection
	GlobalSection(ExtensibilityGlobals) = postSolution
		SolutionGuid = {FE71BF56-3807-4273-B42B-71A8BA3440E1}
	EndGlobalSection
EndGlobal
